
Microsoft Visual Studio Solution File, Format Version 12.00
# Visual Studio Version 17
VisualStudioVersion = 17.14.36623.8 d17.14
MinimumVisualStudioVersion = 10.0.40219.1
Project("{FAE04EC0-301F-11D3-BF4B-00C04F79EFBC}") = "SignupApp", "SignupApp\SignupApp.csproj", "{BE6ADD30-14BE-4E1F-BAB4-834656890CFB}"
EndProject
Global
	GlobalSection(SolutionConfigurationPlatforms) = preSolution
		Debug|Any CPU = Debug|Any CPU
		Release|Any CPU = Release|Any CPU
	EndGlobalSection
	GlobalSection(ProjectConfigurationPlatforms) = postSolution
		{BE6ADD30-14BE-4E1F-BAB4-834656890CFB}.Debug|Any CPU.ActiveCfg = Debug|Any CPU
		{BE6ADD30-14BE-4E1F-BAB4-834656890CFB}.Debug|Any CPU.Build.0 = Debug|Any CPU
		{BE6ADD30-14BE-4E1F-BAB4-834656890CFB}.Release|Any CPU.ActiveCfg = Release|Any CPU
		{BE6ADD30-14BE-4E1F-BAB4-834656890CFB}.Release|Any CPU.Build.0 = Release|Any CPU
	EndGlobalSection
	GlobalSection(SolutionProperties) = preSolution
		HideSolutionNode = FALSE
	EndGlobalSection
	GlobalSection(ExtensibilityGlobals) = postSolution
		SolutionGuid = {17794C72-34B2-4F7A-B9EC-8814ACCF9853}
	EndGlobalSection
EndGlobal
